
Microsoft Visual Studio Solution File, Format Version 12.00
# Visual Studio 14
VisualStudioVersion = 14.0.25420.1
MinimumVisualStudioVersion = 10.0.40219.1
Project("{FAE04EC0-301F-11D3-BF4B-00C04F79EFBC}") = "SPAD.Interfaces", "..\SPAD.Interfaces\SPAD.Interfaces.csproj", "{A05FDEAB-7AE3-4DA9-B584-1AA95B426579}"
EndProject
Global
	GlobalSection(SolutionConfigurationPlatforms) = preSolution
		Beta|Any CPU = Beta|Any CPU
		Debug|Any CPU = Debug|Any CPU
		Public Beta|Any CPU = Public Beta|Any CPU
		Release|Any CPU = Release|Any CPU
	EndGlobalSection
	GlobalSection(ProjectConfigurationPlatforms) = postSolution
		{A05FDEAB-7AE3-4DA9-B584-1AA95B426579}.Beta|Any CPU.ActiveCfg = Beta|Any CPU
		{A05FDEAB-7AE3-4DA9-B584-1AA95B426579}.Beta|Any CPU.Build.0 = Beta|Any CPU
		{A05FDEAB-7AE3-4DA9-B584-1AA95B426579}.Debug|Any CPU.ActiveCfg = Debug|Any CPU
		{A05FDEAB-7AE3-4DA9-B584-1AA95B426579}.Debug|Any CPU.Build.0 = Debug|Any CPU
		{A05FDEAB-7AE3-4DA9-B584-1AA95B426579}.Public Beta|Any CPU.ActiveCfg = Public Beta|Any CPU
		{A05FDEAB-7AE3-4DA9-B584-1AA95B426579}.Public Beta|Any CPU.Build.0 = Public Beta|Any CPU
		{A05FDEAB-7AE3-4DA9-B584-1AA95B426579}.Release|Any CPU.ActiveCfg = Release|Any CPU
		{A05FDEAB-7AE3-4DA9-B584-1AA95B426579}.Release|Any CPU.Build.0 = Release|Any CPU
	EndGlobalSection
	GlobalSection(SolutionProperties) = preSolution
		HideSolutionNode = FALSE
	EndGlobalSection
EndGlobal
